
Microsoft Visual Studio Solution File, Format Version 12.00
# Visual Studio Version 16
VisualStudioVersion = 16.0.32630.194
MinimumVisualStudioVersion = 10.0.40219.1
Project("{FAE04EC0-301F-11D3-BF4B-00C04F79EFBC}") = "TS2SMDTools", "TS2SMDTools\TS2SMDTools.csproj", "{758B58B4-D7B2-4142-B922-2342F8E3CF22}"
EndProject
Global
	GlobalSection(SolutionConfigurationPlatforms) = preSolution
		Debug|Any CPU = Debug|Any CPU
		Release|Any CPU = Release|Any CPU
	EndGlobalSection
	GlobalSection(ProjectConfigurationPlatforms) = postSolution
		{758B58B4-D7B2-4142-B922-2342F8E3CF22}.Debug|Any CPU.ActiveCfg = Debug|Any CPU
		{758B58B4-D7B2-4142-B922-2342F8E3CF22}.Debug|Any CPU.Build.0 = Debug|Any CPU
		{758B58B4-D7B2-4142-B922-2342F8E3CF22}.Release|Any CPU.ActiveCfg = Release|Any CPU
		{758B58B4-D7B2-4142-B922-2342F8E3CF22}.Release|Any CPU.Build.0 = Release|Any CPU
	EndGlobalSection
	GlobalSection(SolutionProperties) = preSolution
		HideSolutionNode = FALSE
	EndGlobalSection
	GlobalSection(ExtensibilityGlobals) = postSolution
		SolutionGuid = {2761A7B5-A1E3-4F80-A7EB-29FA68C2BEE7}
	EndGlobalSection
EndGlobal
